<Solution>
  <Project Path="AirportVisitSystem.csproj" />
  <Project Path="Database/AirportVisitDatabase1/AirportVisitDatabase1.sqlproj" Id="f486b527-291a-4b52-800b-51c2b35f4d52">
    <Build />
    <Deploy />
  </Project>
  <Project Path="Database/AirportVisitDatabase2/AirportVisitDatabase2.sqlproj" Id="4896a398-7440-4763-966b-785426d84739">
    <Build />
    <Deploy />
  </Project>
</Solution>
